
Microsoft Visual Studio Solution File, Format Version 11.00
# Visual Studio 2010
Project("{FAE04EC0-301F-11D3-BF4B-00C04F79EFBC}") = "Assembly-CSharp", "Assembly-CSharp.csproj", "{4d974227-4ac3-f349-ecac-e61a5059939e}"
EndProject
Project("{FAE04EC0-301F-11D3-BF4B-00C04F79EFBC}") = "JetBrains.Frontend.2021.2", "JetBrains.Frontend.2021.2.csproj", "{d69ae82c-04d2-83db-cd2b-8e1f6a69b3a0}"
EndProject
Global
	GlobalSection(SolutionConfigurationPlatforms) = preSolution
		Debug|Any CPU = Debug|Any CPU
	EndGlobalSection
	GlobalSection(ProjectConfigurationPlatforms) = postSolution
		{4d974227-4ac3-f349-ecac-e61a5059939e}.Debug|Any CPU.ActiveCfg = Debug|Any CPU
		{4d974227-4ac3-f349-ecac-e61a5059939e}.Debug|Any CPU.Build.0 = Debug|Any CPU
		{d69ae82c-04d2-83db-cd2b-8e1f6a69b3a0}.Debug|Any CPU.ActiveCfg = Debug|Any CPU
		{d69ae82c-04d2-83db-cd2b-8e1f6a69b3a0}.Debug|Any CPU.Build.0 = Debug|Any CPU
	EndGlobalSection
	GlobalSection(SolutionProperties) = preSolution
		HideSolutionNode = FALSE
	EndGlobalSection
EndGlobal
